
Microsoft Visual Studio Solution File, Format Version 12.00
Project("{2150E333-8FDC-42A3-9474-1A3956D46DE8}") = "Servers", "Servers", "{D7697D6C-9162-4C9C-A641-8D871D93D1E6}"
EndProject
Project("{2150E333-8FDC-42A3-9474-1A3956D46DE8}") = "Web", "Web", "{A1F2B3DB-0DCF-4AA4-AF5F-06B17CFB8717}"
EndProject
Project("{FAE04EC0-301F-11D3-BF4B-00C04F79EFBC}") = "SimpleMu.GameServer", "Servers\SimpleMu.GameServer\SimpleMu.GameServer.csproj", "{09DEFE91-B723-4C9E-BE83-FD21FE8EC954}"
EndProject
Project("{FAE04EC0-301F-11D3-BF4B-00C04F79EFBC}") = "SimpleMu.GuildServer", "Servers\SimpleMu.GuildServer\SimpleMu.GuildServer.csproj", "{FE5AD356-23C5-4B73-AC59-5FCAC497257D}"
EndProject
Project("{FAE04EC0-301F-11D3-BF4B-00C04F79EFBC}") = "SimpleMu.FriendServer", "Servers\SimpleMu.FriendServer\SimpleMu.FriendServer.csproj", "{C3B4AD33-AD3E-4771-A274-BA81EE7B0ECA}"
EndProject
Project("{FAE04EC0-301F-11D3-BF4B-00C04F79EFBC}") = "SimpleMu.ConnectServer", "Servers\SimpleMu.ConnectServer\SimpleMu.ConnectServer.csproj", "{12779736-8845-44DD-A656-232245AEE5B3}"
EndProject
Project("{FAE04EC0-301F-11D3-BF4B-00C04F79EFBC}") = "SimpleMu.Database", "SimpleMu.Database\SimpleMu.Database.csproj", "{96E438BA-6D3B-4AEB-97AE-CB29960859CA}"
EndProject
Project("{FAE04EC0-301F-11D3-BF4B-00C04F79EFBC}") = "SimpleMu.AdminPanel", "Web\SimpleMu.AdminPanel\SimpleMu.AdminPanel.csproj", "{9EBC61B4-EBC5-4814-8E9C-AF1559B419AF}"
EndProject
Project("{FAE04EC0-301F-11D3-BF4B-00C04F79EFBC}") = "SimpleMu.Web", "Web\SimpleMu.Web\SimpleMu.Web.csproj", "{A62A697E-2678-4E94-89DB-86DE8E16AD7A}"
EndProject
Project("{FAE04EC0-301F-11D3-BF4B-00C04F79EFBC}") = "SimpleMu", "SimpleMu\SimpleMu.csproj", "{272F3625-88BD-4BF8-8BF0-C141DE847A85}"
EndProject
Project("{FAE04EC0-301F-11D3-BF4B-00C04F79EFBC}") = "SimpleMu.ChatServer", "Servers\SimpleMu.ChatServer\SimpleMu.ChatServer.csproj", "{F210AC50-6AFD-4B1D-872A-DAC13A463922}"
EndProject
Project("{FAE04EC0-301F-11D3-BF4B-00C04F79EFBC}") = "SimpleMu.LoginServer", "Servers\SimpleMu.LoginServer\SimpleMu.LoginServer.csproj", "{081C5F93-9C63-498F-B348-D5A880DC05CB}"
EndProject
Project("{FAE04EC0-301F-11D3-BF4B-00C04F79EFBC}") = "SimpleMu.Homepage", "Web\SimpleMu.Homepage\SimpleMu.Homepage.csproj", "{4087E09A-7FC7-419A-A912-653C663B8FF3}"
EndProject
Project("{FAE04EC0-301F-11D3-BF4B-00C04F79EFBC}") = "SimpleMu.API", "Web\SimpleMu.API\SimpleMu.API.csproj", "{698D98D2-0E02-43A3-8140-4BDBAE25FACA}"
EndProject
Project("{FAE04EC0-301F-11D3-BF4B-00C04F79EFBC}") = "SimpleMu.Common", "SimpleMu.Common\SimpleMu.Common.csproj", "{DB9D7980-2C25-45A5-B67C-3CEF870A3FDB}"
EndProject
Project("{FAE04EC0-301F-11D3-BF4B-00C04F79EFBC}") = "SimpleMu.Overlay", "SimpleMu.Overlay\SimpleMu.Overlay.csproj", "{19A3276D-A64A-4B26-B272-97FD25E426AC}"
EndProject
Project("{2150E333-8FDC-42A3-9474-1A3956D46DE8}") = "Tools", "Tools", "{D7F17BFC-2260-422B-92E3-FCA38AD0AC4C}"
EndProject
Project("{FAE04EC0-301F-11D3-BF4B-00C04F79EFBC}") = "SimpleMu.MainEditor", "Tools\SimpleMu.MainEditor\SimpleMu.MainEditor.csproj", "{0E1A28C4-6CAB-411D-BBE9-4E3D7B4A9853}"
EndProject
Project("{FAE04EC0-301F-11D3-BF4B-00C04F79EFBC}") = "SimpleMu.Updater", "SimpleMu.Updater\SimpleMu.Updater.csproj", "{56B020A0-6AC3-45C8-92BD-3853861E9FED}"
EndProject
Project("{2150E333-8FDC-42A3-9474-1A3956D46DE8}") = "UI", "UI", "{7EEFB1F1-2ABD-43A0-8462-0751DCBE1D8B}"
EndProject
Global
	GlobalSection(SolutionConfigurationPlatforms) = preSolution
		Debug|Any CPU = Debug|Any CPU
		Release|Any CPU = Release|Any CPU
	EndGlobalSection
	GlobalSection(ProjectConfigurationPlatforms) = postSolution
		{09DEFE91-B723-4C9E-BE83-FD21FE8EC954}.Debug|Any CPU.ActiveCfg = Debug|Any CPU
		{09DEFE91-B723-4C9E-BE83-FD21FE8EC954}.Debug|Any CPU.Build.0 = Debug|Any CPU
		{09DEFE91-B723-4C9E-BE83-FD21FE8EC954}.Release|Any CPU.ActiveCfg = Release|Any CPU
		{09DEFE91-B723-4C9E-BE83-FD21FE8EC954}.Release|Any CPU.Build.0 = Release|Any CPU
		{FE5AD356-23C5-4B73-AC59-5FCAC497257D}.Debug|Any CPU.ActiveCfg = Debug|Any CPU
		{FE5AD356-23C5-4B73-AC59-5FCAC497257D}.Debug|Any CPU.Build.0 = Debug|Any CPU
		{FE5AD356-23C5-4B73-AC59-5FCAC497257D}.Release|Any CPU.ActiveCfg = Release|Any CPU
		{FE5AD356-23C5-4B73-AC59-5FCAC497257D}.Release|Any CPU.Build.0 = Release|Any CPU
		{C3B4AD33-AD3E-4771-A274-BA81EE7B0ECA}.Debug|Any CPU.ActiveCfg = Debug|Any CPU
		{C3B4AD33-AD3E-4771-A274-BA81EE7B0ECA}.Debug|Any CPU.Build.0 = Debug|Any CPU
		{C3B4AD33-AD3E-4771-A274-BA81EE7B0ECA}.Release|Any CPU.ActiveCfg = Release|Any CPU
		{C3B4AD33-AD3E-4771-A274-BA81EE7B0ECA}.Release|Any CPU.Build.0 = Release|Any CPU
		{12779736-8845-44DD-A656-232245AEE5B3}.Debug|Any CPU.ActiveCfg = Debug|Any CPU
		{12779736-8845-44DD-A656-232245AEE5B3}.Debug|Any CPU.Build.0 = Debug|Any CPU
		{12779736-8845-44DD-A656-232245AEE5B3}.Release|Any CPU.ActiveCfg = Release|Any CPU
		{12779736-8845-44DD-A656-232245AEE5B3}.Release|Any CPU.Build.0 = Release|Any CPU
		{96E438BA-6D3B-4AEB-97AE-CB29960859CA}.Debug|Any CPU.ActiveCfg = Debug|Any CPU
		{96E438BA-6D3B-4AEB-97AE-CB29960859CA}.Debug|Any CPU.Build.0 = Debug|Any CPU
		{96E438BA-6D3B-4AEB-97AE-CB29960859CA}.Release|Any CPU.ActiveCfg = Release|Any CPU
		{96E438BA-6D3B-4AEB-97AE-CB29960859CA}.Release|Any CPU.Build.0 = Release|Any CPU
		{9EBC61B4-EBC5-4814-8E9C-AF1559B419AF}.Debug|Any CPU.ActiveCfg = Debug|Any CPU
		{9EBC61B4-EBC5-4814-8E9C-AF1559B419AF}.Debug|Any CPU.Build.0 = Debug|Any CPU
		{9EBC61B4-EBC5-4814-8E9C-AF1559B419AF}.Release|Any CPU.ActiveCfg = Release|Any CPU
		{9EBC61B4-EBC5-4814-8E9C-AF1559B419AF}.Release|Any CPU.Build.0 = Release|Any CPU
		{A62A697E-2678-4E94-89DB-86DE8E16AD7A}.Debug|Any CPU.ActiveCfg = Debug|Any CPU
		{A62A697E-2678-4E94-89DB-86DE8E16AD7A}.Debug|Any CPU.Build.0 = Debug|Any CPU
		{A62A697E-2678-4E94-89DB-86DE8E16AD7A}.Release|Any CPU.ActiveCfg = Release|Any CPU
		{A62A697E-2678-4E94-89DB-86DE8E16AD7A}.Release|Any CPU.Build.0 = Release|Any CPU
		{272F3625-88BD-4BF8-8BF0-C141DE847A85}.Debug|Any CPU.ActiveCfg = Debug|Any CPU
		{272F3625-88BD-4BF8-8BF0-C141DE847A85}.Debug|Any CPU.Build.0 = Debug|Any CPU
		{272F3625-88BD-4BF8-8BF0-C141DE847A85}.Release|Any CPU.ActiveCfg = Release|Any CPU
		{272F3625-88BD-4BF8-8BF0-C141DE847A85}.Release|Any CPU.Build.0 = Release|Any CPU
		{F210AC50-6AFD-4B1D-872A-DAC13A463922}.Debug|Any CPU.ActiveCfg = Debug|Any CPU
		{F210AC50-6AFD-4B1D-872A-DAC13A463922}.Debug|Any CPU.Build.0 = Debug|Any CPU
		{F210AC50-6AFD-4B1D-872A-DAC13A463922}.Release|Any CPU.ActiveCfg = Release|Any CPU
		{F210AC50-6AFD-4B1D-872A-DAC13A463922}.Release|Any CPU.Build.0 = Release|Any CPU
		{081C5F93-9C63-498F-B348-D5A880DC05CB}.Debug|Any CPU.ActiveCfg = Debug|Any CPU
		{081C5F93-9C63-498F-B348-D5A880DC05CB}.Debug|Any CPU.Build.0 = Debug|Any CPU
		{081C5F93-9C63-498F-B348-D5A880DC05CB}.Release|Any CPU.ActiveCfg = Release|Any CPU
		{081C5F93-9C63-498F-B348-D5A880DC05CB}.Release|Any CPU.Build.0 = Release|Any CPU
		{4087E09A-7FC7-419A-A912-653C663B8FF3}.Debug|Any CPU.ActiveCfg = Debug|Any CPU
		{4087E09A-7FC7-419A-A912-653C663B8FF3}.Debug|Any CPU.Build.0 = Debug|Any CPU
		{4087E09A-7FC7-419A-A912-653C663B8FF3}.Release|Any CPU.ActiveCfg = Release|Any CPU
		{4087E09A-7FC7-419A-A912-653C663B8FF3}.Release|Any CPU.Build.0 = Release|Any CPU
		{698D98D2-0E02-43A3-8140-4BDBAE25FACA}.Debug|Any CPU.ActiveCfg = Debug|Any CPU
		{698D98D2-0E02-43A3-8140-4BDBAE25FACA}.Debug|Any CPU.Build.0 = Debug|Any CPU
		{698D98D2-0E02-43A3-8140-4BDBAE25FACA}.Release|Any CPU.ActiveCfg = Release|Any CPU
		{698D98D2-0E02-43A3-8140-4BDBAE25FACA}.Release|Any CPU.Build.0 = Release|Any CPU
		{DB9D7980-2C25-45A5-B67C-3CEF870A3FDB}.Debug|Any CPU.ActiveCfg = Debug|Any CPU
		{DB9D7980-2C25-45A5-B67C-3CEF870A3FDB}.Debug|Any CPU.Build.0 = Debug|Any CPU
		{DB9D7980-2C25-45A5-B67C-3CEF870A3FDB}.Release|Any CPU.ActiveCfg = Release|Any CPU
		{DB9D7980-2C25-45A5-B67C-3CEF870A3FDB}.Release|Any CPU.Build.0 = Release|Any CPU
		{19A3276D-A64A-4B26-B272-97FD25E426AC}.Debug|Any CPU.ActiveCfg = Debug|Any CPU
		{19A3276D-A64A-4B26-B272-97FD25E426AC}.Debug|Any CPU.Build.0 = Debug|Any CPU
		{19A3276D-A64A-4B26-B272-97FD25E426AC}.Release|Any CPU.ActiveCfg = Release|Any CPU
		{19A3276D-A64A-4B26-B272-97FD25E426AC}.Release|Any CPU.Build.0 = Release|Any CPU
		{0E1A28C4-6CAB-411D-BBE9-4E3D7B4A9853}.Debug|Any CPU.ActiveCfg = Debug|Any CPU
		{0E1A28C4-6CAB-411D-BBE9-4E3D7B4A9853}.Debug|Any CPU.Build.0 = Debug|Any CPU
		{0E1A28C4-6CAB-411D-BBE9-4E3D7B4A9853}.Release|Any CPU.ActiveCfg = Release|Any CPU
		{0E1A28C4-6CAB-411D-BBE9-4E3D7B4A9853}.Release|Any CPU.Build.0 = Release|Any CPU
		{56B020A0-6AC3-45C8-92BD-3853861E9FED}.Debug|Any CPU.ActiveCfg = Debug|Any CPU
		{56B020A0-6AC3-45C8-92BD-3853861E9FED}.Debug|Any CPU.Build.0 = Debug|Any CPU
		{56B020A0-6AC3-45C8-92BD-3853861E9FED}.Release|Any CPU.ActiveCfg = Release|Any CPU
		{56B020A0-6AC3-45C8-92BD-3853861E9FED}.Release|Any CPU.Build.0 = Release|Any CPU
	EndGlobalSection
	GlobalSection(NestedProjects) = preSolution
		{09DEFE91-B723-4C9E-BE83-FD21FE8EC954} = {D7697D6C-9162-4C9C-A641-8D871D93D1E6}
		{FE5AD356-23C5-4B73-AC59-5FCAC497257D} = {D7697D6C-9162-4C9C-A641-8D871D93D1E6}
		{C3B4AD33-AD3E-4771-A274-BA81EE7B0ECA} = {D7697D6C-9162-4C9C-A641-8D871D93D1E6}
		{12779736-8845-44DD-A656-232245AEE5B3} = {D7697D6C-9162-4C9C-A641-8D871D93D1E6}
		{9EBC61B4-EBC5-4814-8E9C-AF1559B419AF} = {A1F2B3DB-0DCF-4AA4-AF5F-06B17CFB8717}
		{A62A697E-2678-4E94-89DB-86DE8E16AD7A} = {A1F2B3DB-0DCF-4AA4-AF5F-06B17CFB8717}
		{F210AC50-6AFD-4B1D-872A-DAC13A463922} = {D7697D6C-9162-4C9C-A641-8D871D93D1E6}
		{081C5F93-9C63-498F-B348-D5A880DC05CB} = {D7697D6C-9162-4C9C-A641-8D871D93D1E6}
		{4087E09A-7FC7-419A-A912-653C663B8FF3} = {A1F2B3DB-0DCF-4AA4-AF5F-06B17CFB8717}
		{698D98D2-0E02-43A3-8140-4BDBAE25FACA} = {A1F2B3DB-0DCF-4AA4-AF5F-06B17CFB8717}
		{0E1A28C4-6CAB-411D-BBE9-4E3D7B4A9853} = {D7F17BFC-2260-422B-92E3-FCA38AD0AC4C}
	EndGlobalSection
EndGlobal
