
Microsoft Visual Studio Solution File, Format Version 12.00
Project("{2150E333-8FDC-42A3-9474-1A3956D46DE8}") = "Servers", "Servers", "{D7697D6C-9162-4C9C-A641-8D871D93D1E6}"
EndProject
Project("{2150E333-8FDC-42A3-9474-1A3956D46DE8}") = "Web", "Web", "{A1F2B3DB-0DCF-4AA4-AF5F-06B17CFB8717}"
EndProject
Project("{FAE04EC0-301F-11D3-BF4B-00C04F79EFBC}") = "SimpleMu.GameServer", "Servers\SimpleMu.GameServer\SimpleMu.GameServer.csproj", "{09DEFE91-B723-4C9E-BE83-FD21FE8EC954}"
EndProject
Project("{FAE04EC0-301F-11D3-BF4B-00C04F79EFBC}") = "SimpleMu.GuildServer", "Servers\SimpleMu.GuildServer\SimpleMu.GuildServer.csproj", "{FE5AD356-23C5-4B73-AC59-5FCAC497257D}"
EndProject
Project("{FAE04EC0-301F-11D3-BF4B-00C04F79EFBC}") = "SimpleMu.FriendServer", "Servers\SimpleMu.FriendServer\SimpleMu.FriendServer.csproj", "{C3B4AD33-AD3E-4771-A274-BA81EE7B0ECA}"
EndProject
Project("{FAE04EC0-301F-11D3-BF4B-00C04F79EFBC}") = "SimpleMu.ConnectServer", "Servers\SimpleMu.ConnectServer\SimpleMu.ConnectServer.csproj", "{12779736-8845-44DD-A656-232245AEE5B3}"
EndProject
Project("{FAE04EC0-301F-11D3-BF4B-00C04F79EFBC}") = "SimpleMu.Database", "SimpleMu.Database\SimpleMu.Database.csproj", "{96E438BA-6D3B-4AEB-97AE-CB29960859CA}"
EndProject
Project("{FAE04EC0-301F-11D3-BF4B-00C04F79EFBC}") = "SimpleMu.AdminPanel", "Web\SimpleMu.AdminPanel\SimpleMu.AdminPanel.csproj", "{9EBC61B4-EBC5-4814-8E9C-AF1559B419AF}"
EndProject
Project("{FAE04EC0-301F-11D3-BF4B-00C04F79EFBC}") = "SimpleMu.Web", "Web\SimpleMu.Web\SimpleMu.Web.csproj", "{A62A697E-2678-4E94-89DB-86DE8E16AD7A}"
EndProject
Project("{FAE04EC0-301F-11D3-BF4B-00C04F79EFBC}") = "SimpleMu.Homepage", "Web\SimpleMu.Homepage\SimpleMu.Homepage.csproj", "{E4819DD6-FB91-4B95-9AEE-FF43979FE671}"
EndProject
Project("{FAE04EC0-301F-11D3-BF4B-00C04F79EFBC}") = "SimpleMu", "SimpleMu\SimpleMu.csproj", "{272F3625-88BD-4BF8-8BF0-C141DE847A85}"
EndProject
Project("{FAE04EC0-301F-11D3-BF4B-00C04F79EFBC}") = "SimpleMu.ChatServer", "Servers\SimpleMu.ChatServer\SimpleMu.ChatServer.csproj", "{F210AC50-6AFD-4B1D-872A-DAC13A463922}"
EndProject
Project("{FAE04EC0-301F-11D3-BF4B-00C04F79EFBC}") = "SimpleMu.LoginServer", "Servers\SimpleMu.LoginServer\SimpleMu.LoginServer.csproj", "{081C5F93-9C63-498F-B348-D5A880DC05CB}"
EndProject
Global
	GlobalSection(SolutionConfigurationPlatforms) = preSolution
		Debug|Any CPU = Debug|Any CPU
		Release|Any CPU = Release|Any CPU
	EndGlobalSection
	GlobalSection(ProjectConfigurationPlatforms) = postSolution
		{09DEFE91-B723-4C9E-BE83-FD21FE8EC954}.Debug|Any CPU.ActiveCfg = Debug|Any CPU
		{09DEFE91-B723-4C9E-BE83-FD21FE8EC954}.Debug|Any CPU.Build.0 = Debug|Any CPU
		{09DEFE91-B723-4C9E-BE83-FD21FE8EC954}.Release|Any CPU.ActiveCfg = Release|Any CPU
		{09DEFE91-B723-4C9E-BE83-FD21FE8EC954}.Release|Any CPU.Build.0 = Release|Any CPU
		{FE5AD356-23C5-4B73-AC59-5FCAC497257D}.Debug|Any CPU.ActiveCfg = Debug|Any CPU
		{FE5AD356-23C5-4B73-AC59-5FCAC497257D}.Debug|Any CPU.Build.0 = Debug|Any CPU
		{FE5AD356-23C5-4B73-AC59-5FCAC497257D}.Release|Any CPU.ActiveCfg = Release|Any CPU
		{FE5AD356-23C5-4B73-AC59-5FCAC497257D}.Release|Any CPU.Build.0 = Release|Any CPU
		{C3B4AD33-AD3E-4771-A274-BA81EE7B0ECA}.Debug|Any CPU.ActiveCfg = Debug|Any CPU
		{C3B4AD33-AD3E-4771-A274-BA81EE7B0ECA}.Debug|Any CPU.Build.0 = Debug|Any CPU
		{C3B4AD33-AD3E-4771-A274-BA81EE7B0ECA}.Release|Any CPU.ActiveCfg = Release|Any CPU
		{C3B4AD33-AD3E-4771-A274-BA81EE7B0ECA}.Release|Any CPU.Build.0 = Release|Any CPU
		{12779736-8845-44DD-A656-232245AEE5B3}.Debug|Any CPU.ActiveCfg = Debug|Any CPU
		{12779736-8845-44DD-A656-232245AEE5B3}.Debug|Any CPU.Build.0 = Debug|Any CPU
		{12779736-8845-44DD-A656-232245AEE5B3}.Release|Any CPU.ActiveCfg = Release|Any CPU
		{12779736-8845-44DD-A656-232245AEE5B3}.Release|Any CPU.Build.0 = Release|Any CPU
		{96E438BA-6D3B-4AEB-97AE-CB29960859CA}.Debug|Any CPU.ActiveCfg = Debug|Any CPU
		{96E438BA-6D3B-4AEB-97AE-CB29960859CA}.Debug|Any CPU.Build.0 = Debug|Any CPU
		{96E438BA-6D3B-4AEB-97AE-CB29960859CA}.Release|Any CPU.ActiveCfg = Release|Any CPU
		{96E438BA-6D3B-4AEB-97AE-CB29960859CA}.Release|Any CPU.Build.0 = Release|Any CPU
		{9EBC61B4-EBC5-4814-8E9C-AF1559B419AF}.Debug|Any CPU.ActiveCfg = Debug|Any CPU
		{9EBC61B4-EBC5-4814-8E9C-AF1559B419AF}.Debug|Any CPU.Build.0 = Debug|Any CPU
		{9EBC61B4-EBC5-4814-8E9C-AF1559B419AF}.Release|Any CPU.ActiveCfg = Release|Any CPU
		{9EBC61B4-EBC5-4814-8E9C-AF1559B419AF}.Release|Any CPU.Build.0 = Release|Any CPU
		{A62A697E-2678-4E94-89DB-86DE8E16AD7A}.Debug|Any CPU.ActiveCfg = Debug|Any CPU
		{A62A697E-2678-4E94-89DB-86DE8E16AD7A}.Debug|Any CPU.Build.0 = Debug|Any CPU
		{A62A697E-2678-4E94-89DB-86DE8E16AD7A}.Release|Any CPU.ActiveCfg = Release|Any CPU
		{A62A697E-2678-4E94-89DB-86DE8E16AD7A}.Release|Any CPU.Build.0 = Release|Any CPU
		{E4819DD6-FB91-4B95-9AEE-FF43979FE671}.Debug|Any CPU.ActiveCfg = Debug|Any CPU
		{E4819DD6-FB91-4B95-9AEE-FF43979FE671}.Debug|Any CPU.Build.0 = Debug|Any CPU
		{E4819DD6-FB91-4B95-9AEE-FF43979FE671}.Release|Any CPU.ActiveCfg = Release|Any CPU
		{E4819DD6-FB91-4B95-9AEE-FF43979FE671}.Release|Any CPU.Build.0 = Release|Any CPU
		{272F3625-88BD-4BF8-8BF0-C141DE847A85}.Debug|Any CPU.ActiveCfg = Debug|Any CPU
		{272F3625-88BD-4BF8-8BF0-C141DE847A85}.Debug|Any CPU.Build.0 = Debug|Any CPU
		{272F3625-88BD-4BF8-8BF0-C141DE847A85}.Release|Any CPU.ActiveCfg = Release|Any CPU
		{272F3625-88BD-4BF8-8BF0-C141DE847A85}.Release|Any CPU.Build.0 = Release|Any CPU
		{F210AC50-6AFD-4B1D-872A-DAC13A463922}.Debug|Any CPU.ActiveCfg = Debug|Any CPU
		{F210AC50-6AFD-4B1D-872A-DAC13A463922}.Debug|Any CPU.Build.0 = Debug|Any CPU
		{F210AC50-6AFD-4B1D-872A-DAC13A463922}.Release|Any CPU.ActiveCfg = Release|Any CPU
		{F210AC50-6AFD-4B1D-872A-DAC13A463922}.Release|Any CPU.Build.0 = Release|Any CPU
		{081C5F93-9C63-498F-B348-D5A880DC05CB}.Debug|Any CPU.ActiveCfg = Debug|Any CPU
		{081C5F93-9C63-498F-B348-D5A880DC05CB}.Debug|Any CPU.Build.0 = Debug|Any CPU
		{081C5F93-9C63-498F-B348-D5A880DC05CB}.Release|Any CPU.ActiveCfg = Release|Any CPU
		{081C5F93-9C63-498F-B348-D5A880DC05CB}.Release|Any CPU.Build.0 = Release|Any CPU
	EndGlobalSection
	GlobalSection(NestedProjects) = preSolution
		{09DEFE91-B723-4C9E-BE83-FD21FE8EC954} = {D7697D6C-9162-4C9C-A641-8D871D93D1E6}
		{FE5AD356-23C5-4B73-AC59-5FCAC497257D} = {D7697D6C-9162-4C9C-A641-8D871D93D1E6}
		{C3B4AD33-AD3E-4771-A274-BA81EE7B0ECA} = {D7697D6C-9162-4C9C-A641-8D871D93D1E6}
		{12779736-8845-44DD-A656-232245AEE5B3} = {D7697D6C-9162-4C9C-A641-8D871D93D1E6}
		{9EBC61B4-EBC5-4814-8E9C-AF1559B419AF} = {A1F2B3DB-0DCF-4AA4-AF5F-06B17CFB8717}
		{A62A697E-2678-4E94-89DB-86DE8E16AD7A} = {A1F2B3DB-0DCF-4AA4-AF5F-06B17CFB8717}
		{E4819DD6-FB91-4B95-9AEE-FF43979FE671} = {A1F2B3DB-0DCF-4AA4-AF5F-06B17CFB8717}
		{F210AC50-6AFD-4B1D-872A-DAC13A463922} = {D7697D6C-9162-4C9C-A641-8D871D93D1E6}
		{081C5F93-9C63-498F-B348-D5A880DC05CB} = {D7697D6C-9162-4C9C-A641-8D871D93D1E6}
	EndGlobalSection
EndGlobal
